
Microsoft Visual Studio Solution File, Format Version 12.00
# Visual Studio Version 17
VisualStudioVersion = 17.3.32929.385
MinimumVisualStudioVersion = 10.0.40219.1
Project("{FAE04EC0-301F-11D3-BF4B-00C04F79EFBC}") = "Practicum13", "Practicum13\Practicum13.csproj", "{5CB8FD1D-1CCD-4A9E-BAB6-754856536C9A}"
EndProject
Project("{FAE04EC0-301F-11D3-BF4B-00C04F79EFBC}") = "Practicum13_Task1_WF", "Practicum13_Task1_WF\Practicum13_Task1_WF.csproj", "{C19C3489-034B-4A52-82BE-9A8C354622C2}"
EndProject
Global
	GlobalSection(SolutionConfigurationPlatforms) = preSolution
		Debug|Any CPU = Debug|Any CPU
		Release|Any CPU = Release|Any CPU
	EndGlobalSection
	GlobalSection(ProjectConfigurationPlatforms) = postSolution
		{5CB8FD1D-1CCD-4A9E-BAB6-754856536C9A}.Debug|Any CPU.ActiveCfg = Debug|Any CPU
		{5CB8FD1D-1CCD-4A9E-BAB6-754856536C9A}.Debug|Any CPU.Build.0 = Debug|Any CPU
		{5CB8FD1D-1CCD-4A9E-BAB6-754856536C9A}.Release|Any CPU.ActiveCfg = Release|Any CPU
		{5CB8FD1D-1CCD-4A9E-BAB6-754856536C9A}.Release|Any CPU.Build.0 = Release|Any CPU
		{C19C3489-034B-4A52-82BE-9A8C354622C2}.Debug|Any CPU.ActiveCfg = Debug|Any CPU
		{C19C3489-034B-4A52-82BE-9A8C354622C2}.Debug|Any CPU.Build.0 = Debug|Any CPU
		{C19C3489-034B-4A52-82BE-9A8C354622C2}.Release|Any CPU.ActiveCfg = Release|Any CPU
		{C19C3489-034B-4A52-82BE-9A8C354622C2}.Release|Any CPU.Build.0 = Release|Any CPU
	EndGlobalSection
	GlobalSection(SolutionProperties) = preSolution
		HideSolutionNode = FALSE
	EndGlobalSection
	GlobalSection(ExtensibilityGlobals) = postSolution
		SolutionGuid = {B800348A-321F-4425-809F-0667B38DA0F6}
	EndGlobalSection
EndGlobal
